
Microsoft Visual Studio Solution File, Format Version 12.00
# Visual Studio Version 17
VisualStudioVersion = 17.7.34202.233
MinimumVisualStudioVersion = 10.0.40219.1
Project("{9A19103F-16F7-4668-BE54-9A1E7A4F7556}") = "FirstApp", "FirstApp\FirstApp.csproj", "{81C79509-8FB2-4595-992E-3D36E3B8540A}"
EndProject
Project("{9A19103F-16F7-4668-BE54-9A1E7A4F7556}") = "secondApp", "secondApp\secondApp.csproj", "{B4E93109-9510-4F80-B7FB-C8E052A0137D}"
EndProject
Project("{9A19103F-16F7-4668-BE54-9A1E7A4F7556}") = "ranaApp", "ranaApp\ranaApp.csproj", "{E0D7D658-5BFC-41B2-BF96-948F64699B0A}"
EndProject
Project("{9A19103F-16F7-4668-BE54-9A1E7A4F7556}") = "winApp", "winApp\winApp.csproj", "{37FBC987-5771-4572-83B8-0E7477022439}"
EndProject
Project("{2150E333-8FDC-42A3-9474-1A3956D46DE8}") = "EmpSystem", "EmpSystem", "{FF046F5E-6E59-46CF-8C67-CA598BAA141C}"
EndProject
Project("{9A19103F-16F7-4668-BE54-9A1E7A4F7556}") = "EmpLib", "EmpLib\EmpLib.csproj", "{D3E14263-2CA8-4B72-AB5E-7506A3C1753B}"
EndProject
Project("{9A19103F-16F7-4668-BE54-9A1E7A4F7556}") = "EmpConsole", "EmpConsole\EmpConsole.csproj", "{68AF24F7-F7B8-4077-97DF-6434F2B31319}"
EndProject
Project("{9A19103F-16F7-4668-BE54-9A1E7A4F7556}") = "ShapeLibrary", "ShapeLib\ShapeLibrary.csproj", "{43905FAA-3D93-40C6-B490-31F157F04EBA}"
EndProject
Project("{2150E333-8FDC-42A3-9474-1A3956D46DE8}") = "PL", "PL", "{E38C3565-49E9-4BCB-A00B-203F7697558F}"
EndProject
Project("{2150E333-8FDC-42A3-9474-1A3956D46DE8}") = "BL", "BL", "{8420A522-3E8E-4FEE-87AF-6574B1365787}"
EndProject
Project("{9A19103F-16F7-4668-BE54-9A1E7A4F7556}") = "EmpForms", "EmpForms\EmpForms.csproj", "{4556E58E-581F-4AD0-B216-9FE70838950D}"
EndProject
Project("{9A19103F-16F7-4668-BE54-9A1E7A4F7556}") = "Delegates", "Delegates\Delegates.csproj", "{A9B82CAB-732D-4449-A232-24CE92CD609D}"
EndProject
Project("{2150E333-8FDC-42A3-9474-1A3956D46DE8}") = "DAL", "DAL", "{4A8805CF-F8AA-450F-8EFC-1798B4B1ADD3}"
EndProject
Project("{9A19103F-16F7-4668-BE54-9A1E7A4F7556}") = "TestDal", "TestDal\TestDal.csproj", "{93CB781A-F405-42F3-B001-DA0DEDCE92BE}"
EndProject
Project("{9A19103F-16F7-4668-BE54-9A1E7A4F7556}") = "LabDal", "LabDal\LabDal.csproj", "{B7F8147B-296B-43F8-8430-7178EBF5C902}"
EndProject
Project("{2150E333-8FDC-42A3-9474-1A3956D46DE8}") = "ShapeManager", "ShapeManager", "{2FE06859-16E0-4CB2-91BE-D1C5C1DD77F4}"
EndProject
Project("{9A19103F-16F7-4668-BE54-9A1E7A4F7556}") = "ShapeLibb", "ShapeLibb\ShapeLibb.csproj", "{7C04C583-E57D-41F2-B42D-9985A8781E5B}"
EndProject
Project("{9A19103F-16F7-4668-BE54-9A1E7A4F7556}") = "ShapeConsole", "ShapeConsole\ShapeConsole.csproj", "{0B5DD4E0-2EBB-4E93-95F4-D58D2EF5DF6E}"
EndProject
Project("{9A19103F-16F7-4668-BE54-9A1E7A4F7556}") = "TestDbConsole", "TestDbConsole\TestDbConsole.csproj", "{8AAEBDB4-35D6-4A21-89D4-44350CBDDC1F}"
EndProject
Project("{9A19103F-16F7-4668-BE54-9A1E7A4F7556}") = "DbFirstEF", "DbFirstEF\DbFirstEF.csproj", "{FCCA9295-4A8A-4A54-9D6F-241995985800}"
EndProject
Project("{9A19103F-16F7-4668-BE54-9A1E7A4F7556}") = "SampleWebApp", "SampleWebApp\SampleWebApp.csproj", "{38BB3AAA-B2EC-4A10-9306-527F0D9569B0}"
EndProject
Project("{2150E333-8FDC-42A3-9474-1A3956D46DE8}") = "ProductTemplate", "ProductTemplate", "{51851FD4-9F5B-42F3-9F0C-A9B939E03A82}"
EndProject
Project("{9A19103F-16F7-4668-BE54-9A1E7A4F7556}") = "WebPL", "WebPL\WebPL.csproj", "{268653E6-924B-4CFE-9E79-0B9F5739BAE9}"
EndProject
Project("{9A19103F-16F7-4668-BE54-9A1E7A4F7556}") = "BLLib1", "BLLib1\BLLib1.csproj", "{D772CB87-9998-4D77-9B00-DB1B0C992977}"
EndProject
Project("{9A19103F-16F7-4668-BE54-9A1E7A4F7556}") = "BLLib2", "BLLib2\BLLib2.csproj", "{AE0716EF-0A82-4EAF-ADFF-B330BDAC2056}"
EndProject
Project("{9A19103F-16F7-4668-BE54-9A1E7A4F7556}") = "DalLib", "DalLib\DalLib.csproj", "{5B8E2249-BB71-4529-A89F-71B34C88051E}"
EndProject
Project("{9A19103F-16F7-4668-BE54-9A1E7A4F7556}") = "ServiceApi", "ServiceApi\ServiceApi.csproj", "{47B21020-F434-4460-8EE7-E318218BBCF0}"
EndProject
Project("{9A19103F-16F7-4668-BE54-9A1E7A4F7556}") = "MvcApp", "MvcApp\MvcApp.csproj", "{DD8FAD96-27FB-4910-ABD1-56B6820F28F6}"
EndProject
Project("{9A19103F-16F7-4668-BE54-9A1E7A4F7556}") = "EmpDAL", "EmpDAL\EmpDAL.csproj", "{A89F570E-A5B6-40D9-93B6-5A7731CD66E0}"
EndProject
Project("{9A19103F-16F7-4668-BE54-9A1E7A4F7556}") = "FirstApi", "FirstApi\FirstApi.csproj", "{9E9A0CA9-ADC8-4494-B641-6CBE1ACFD855}"
EndProject
Project("{9A19103F-16F7-4668-BE54-9A1E7A4F7556}") = "DependencyInjection", "DependencyInjection\DependencyInjection.csproj", "{1BDE7E26-976C-4ED5-86EE-3246D300724C}"
EndProject
Project("{9A19103F-16F7-4668-BE54-9A1E7A4F7556}") = "IndividualAuth", "IndividualAuth\IndividualAuth.csproj", "{A40815E6-5BB7-4D16-93F4-BA859BF79FCC}"
EndProject
Project("{9A19103F-16F7-4668-BE54-9A1E7A4F7556}") = "WindowsAuthApi", "WindowsAuthApi\WindowsAuthApi.csproj", "{2596B0CB-487F-45DF-AD2B-C9EE00E713D3}"
EndProject
Project("{9A19103F-16F7-4668-BE54-9A1E7A4F7556}") = "JWTAuth", "JWTAuth\JWTAuth.csproj", "{DE81230C-D1CD-4B19-9641-ED728DAF0665}"
EndProject
Project("{2150E333-8FDC-42A3-9474-1A3956D46DE8}") = "WebApiClients", "WebApiClients", "{6C51ECB2-DEF3-412E-A5A8-5C03A52784EC}"
EndProject
Project("{FAE04EC0-301F-11D3-BF4B-00C04F79EFBC}") = "ConsoleClient1", "ConsoleClient1\ConsoleClient1.csproj", "{5EBA3EA4-4630-490E-B5FA-84E5DFF3B69B}"
EndProject
Project("{FAE04EC0-301F-11D3-BF4B-00C04F79EFBC}") = "AsyncAwait", "AsyncAwait\AsyncAwait.csproj", "{DAE824B7-08E3-47D1-80B2-1B1116B6FD79}"
EndProject
Global
	GlobalSection(SolutionConfigurationPlatforms) = preSolution
		Debug|Any CPU = Debug|Any CPU
		Release|Any CPU = Release|Any CPU
	EndGlobalSection
	GlobalSection(ProjectConfigurationPlatforms) = postSolution
		{81C79509-8FB2-4595-992E-3D36E3B8540A}.Debug|Any CPU.ActiveCfg = Debug|Any CPU
		{81C79509-8FB2-4595-992E-3D36E3B8540A}.Debug|Any CPU.Build.0 = Debug|Any CPU
		{81C79509-8FB2-4595-992E-3D36E3B8540A}.Release|Any CPU.ActiveCfg = Release|Any CPU
		{81C79509-8FB2-4595-992E-3D36E3B8540A}.Release|Any CPU.Build.0 = Release|Any CPU
		{B4E93109-9510-4F80-B7FB-C8E052A0137D}.Debug|Any CPU.ActiveCfg = Debug|Any CPU
		{B4E93109-9510-4F80-B7FB-C8E052A0137D}.Debug|Any CPU.Build.0 = Debug|Any CPU
		{B4E93109-9510-4F80-B7FB-C8E052A0137D}.Release|Any CPU.ActiveCfg = Release|Any CPU
		{B4E93109-9510-4F80-B7FB-C8E052A0137D}.Release|Any CPU.Build.0 = Release|Any CPU
		{E0D7D658-5BFC-41B2-BF96-948F64699B0A}.Debug|Any CPU.ActiveCfg = Debug|Any CPU
		{E0D7D658-5BFC-41B2-BF96-948F64699B0A}.Debug|Any CPU.Build.0 = Debug|Any CPU
		{E0D7D658-5BFC-41B2-BF96-948F64699B0A}.Release|Any CPU.ActiveCfg = Release|Any CPU
		{E0D7D658-5BFC-41B2-BF96-948F64699B0A}.Release|Any CPU.Build.0 = Release|Any CPU
		{37FBC987-5771-4572-83B8-0E7477022439}.Debug|Any CPU.ActiveCfg = Debug|Any CPU
		{37FBC987-5771-4572-83B8-0E7477022439}.Debug|Any CPU.Build.0 = Debug|Any CPU
		{37FBC987-5771-4572-83B8-0E7477022439}.Release|Any CPU.ActiveCfg = Release|Any CPU
		{37FBC987-5771-4572-83B8-0E7477022439}.Release|Any CPU.Build.0 = Release|Any CPU
		{D3E14263-2CA8-4B72-AB5E-7506A3C1753B}.Debug|Any CPU.ActiveCfg = Debug|Any CPU
		{D3E14263-2CA8-4B72-AB5E-7506A3C1753B}.Debug|Any CPU.Build.0 = Debug|Any CPU
		{D3E14263-2CA8-4B72-AB5E-7506A3C1753B}.Release|Any CPU.ActiveCfg = Release|Any CPU
		{D3E14263-2CA8-4B72-AB5E-7506A3C1753B}.Release|Any CPU.Build.0 = Release|Any CPU
		{68AF24F7-F7B8-4077-97DF-6434F2B31319}.Debug|Any CPU.ActiveCfg = Debug|Any CPU
		{68AF24F7-F7B8-4077-97DF-6434F2B31319}.Debug|Any CPU.Build.0 = Debug|Any CPU
		{68AF24F7-F7B8-4077-97DF-6434F2B31319}.Release|Any CPU.ActiveCfg = Release|Any CPU
		{68AF24F7-F7B8-4077-97DF-6434F2B31319}.Release|Any CPU.Build.0 = Release|Any CPU
		{43905FAA-3D93-40C6-B490-31F157F04EBA}.Debug|Any CPU.ActiveCfg = Debug|Any CPU
		{43905FAA-3D93-40C6-B490-31F157F04EBA}.Debug|Any CPU.Build.0 = Debug|Any CPU
		{43905FAA-3D93-40C6-B490-31F157F04EBA}.Release|Any CPU.ActiveCfg = Release|Any CPU
		{43905FAA-3D93-40C6-B490-31F157F04EBA}.Release|Any CPU.Build.0 = Release|Any CPU
		{4556E58E-581F-4AD0-B216-9FE70838950D}.Debug|Any CPU.ActiveCfg = Debug|Any CPU
		{4556E58E-581F-4AD0-B216-9FE70838950D}.Debug|Any CPU.Build.0 = Debug|Any CPU
		{4556E58E-581F-4AD0-B216-9FE70838950D}.Release|Any CPU.ActiveCfg = Release|Any CPU
		{4556E58E-581F-4AD0-B216-9FE70838950D}.Release|Any CPU.Build.0 = Release|Any CPU
		{A9B82CAB-732D-4449-A232-24CE92CD609D}.Debug|Any CPU.ActiveCfg = Debug|Any CPU
		{A9B82CAB-732D-4449-A232-24CE92CD609D}.Debug|Any CPU.Build.0 = Debug|Any CPU
		{A9B82CAB-732D-4449-A232-24CE92CD609D}.Release|Any CPU.ActiveCfg = Release|Any CPU
		{A9B82CAB-732D-4449-A232-24CE92CD609D}.Release|Any CPU.Build.0 = Release|Any CPU
		{93CB781A-F405-42F3-B001-DA0DEDCE92BE}.Debug|Any CPU.ActiveCfg = Debug|Any CPU
		{93CB781A-F405-42F3-B001-DA0DEDCE92BE}.Debug|Any CPU.Build.0 = Debug|Any CPU
		{93CB781A-F405-42F3-B001-DA0DEDCE92BE}.Release|Any CPU.ActiveCfg = Release|Any CPU
		{93CB781A-F405-42F3-B001-DA0DEDCE92BE}.Release|Any CPU.Build.0 = Release|Any CPU
		{B7F8147B-296B-43F8-8430-7178EBF5C902}.Debug|Any CPU.ActiveCfg = Debug|Any CPU
		{B7F8147B-296B-43F8-8430-7178EBF5C902}.Debug|Any CPU.Build.0 = Debug|Any CPU
		{B7F8147B-296B-43F8-8430-7178EBF5C902}.Release|Any CPU.ActiveCfg = Release|Any CPU
		{B7F8147B-296B-43F8-8430-7178EBF5C902}.Release|Any CPU.Build.0 = Release|Any CPU
		{7C04C583-E57D-41F2-B42D-9985A8781E5B}.Debug|Any CPU.ActiveCfg = Debug|Any CPU
		{7C04C583-E57D-41F2-B42D-9985A8781E5B}.Debug|Any CPU.Build.0 = Debug|Any CPU
		{7C04C583-E57D-41F2-B42D-9985A8781E5B}.Release|Any CPU.ActiveCfg = Release|Any CPU
		{7C04C583-E57D-41F2-B42D-9985A8781E5B}.Release|Any CPU.Build.0 = Release|Any CPU
		{0B5DD4E0-2EBB-4E93-95F4-D58D2EF5DF6E}.Debug|Any CPU.ActiveCfg = Debug|Any CPU
		{0B5DD4E0-2EBB-4E93-95F4-D58D2EF5DF6E}.Debug|Any CPU.Build.0 = Debug|Any CPU
		{0B5DD4E0-2EBB-4E93-95F4-D58D2EF5DF6E}.Release|Any CPU.ActiveCfg = Release|Any CPU
		{0B5DD4E0-2EBB-4E93-95F4-D58D2EF5DF6E}.Release|Any CPU.Build.0 = Release|Any CPU
		{8AAEBDB4-35D6-4A21-89D4-44350CBDDC1F}.Debug|Any CPU.ActiveCfg = Debug|Any CPU
		{8AAEBDB4-35D6-4A21-89D4-44350CBDDC1F}.Debug|Any CPU.Build.0 = Debug|Any CPU
		{8AAEBDB4-35D6-4A21-89D4-44350CBDDC1F}.Release|Any CPU.ActiveCfg = Release|Any CPU
		{8AAEBDB4-35D6-4A21-89D4-44350CBDDC1F}.Release|Any CPU.Build.0 = Release|Any CPU
		{FCCA9295-4A8A-4A54-9D6F-241995985800}.Debug|Any CPU.ActiveCfg = Debug|Any CPU
		{FCCA9295-4A8A-4A54-9D6F-241995985800}.Debug|Any CPU.Build.0 = Debug|Any CPU
		{FCCA9295-4A8A-4A54-9D6F-241995985800}.Release|Any CPU.ActiveCfg = Release|Any CPU
		{FCCA9295-4A8A-4A54-9D6F-241995985800}.Release|Any CPU.Build.0 = Release|Any CPU
		{38BB3AAA-B2EC-4A10-9306-527F0D9569B0}.Debug|Any CPU.ActiveCfg = Debug|Any CPU
		{38BB3AAA-B2EC-4A10-9306-527F0D9569B0}.Debug|Any CPU.Build.0 = Debug|Any CPU
		{38BB3AAA-B2EC-4A10-9306-527F0D9569B0}.Release|Any CPU.ActiveCfg = Release|Any CPU
		{38BB3AAA-B2EC-4A10-9306-527F0D9569B0}.Release|Any CPU.Build.0 = Release|Any CPU
		{268653E6-924B-4CFE-9E79-0B9F5739BAE9}.Debug|Any CPU.ActiveCfg = Debug|Any CPU
		{268653E6-924B-4CFE-9E79-0B9F5739BAE9}.Debug|Any CPU.Build.0 = Debug|Any CPU
		{268653E6-924B-4CFE-9E79-0B9F5739BAE9}.Release|Any CPU.ActiveCfg = Release|Any CPU
		{268653E6-924B-4CFE-9E79-0B9F5739BAE9}.Release|Any CPU.Build.0 = Release|Any CPU
		{D772CB87-9998-4D77-9B00-DB1B0C992977}.Debug|Any CPU.ActiveCfg = Debug|Any CPU
		{D772CB87-9998-4D77-9B00-DB1B0C992977}.Debug|Any CPU.Build.0 = Debug|Any CPU
		{D772CB87-9998-4D77-9B00-DB1B0C992977}.Release|Any CPU.ActiveCfg = Release|Any CPU
		{D772CB87-9998-4D77-9B00-DB1B0C992977}.Release|Any CPU.Build.0 = Release|Any CPU
		{AE0716EF-0A82-4EAF-ADFF-B330BDAC2056}.Debug|Any CPU.ActiveCfg = Debug|Any CPU
		{AE0716EF-0A82-4EAF-ADFF-B330BDAC2056}.Debug|Any CPU.Build.0 = Debug|Any CPU
		{AE0716EF-0A82-4EAF-ADFF-B330BDAC2056}.Release|Any CPU.ActiveCfg = Release|Any CPU
		{AE0716EF-0A82-4EAF-ADFF-B330BDAC2056}.Release|Any CPU.Build.0 = Release|Any CPU
		{5B8E2249-BB71-4529-A89F-71B34C88051E}.Debug|Any CPU.ActiveCfg = Debug|Any CPU
		{5B8E2249-BB71-4529-A89F-71B34C88051E}.Debug|Any CPU.Build.0 = Debug|Any CPU
		{5B8E2249-BB71-4529-A89F-71B34C88051E}.Release|Any CPU.ActiveCfg = Release|Any CPU
		{5B8E2249-BB71-4529-A89F-71B34C88051E}.Release|Any CPU.Build.0 = Release|Any CPU
		{47B21020-F434-4460-8EE7-E318218BBCF0}.Debug|Any CPU.ActiveCfg = Debug|Any CPU
		{47B21020-F434-4460-8EE7-E318218BBCF0}.Debug|Any CPU.Build.0 = Debug|Any CPU
		{47B21020-F434-4460-8EE7-E318218BBCF0}.Release|Any CPU.ActiveCfg = Release|Any CPU
		{47B21020-F434-4460-8EE7-E318218BBCF0}.Release|Any CPU.Build.0 = Release|Any CPU
		{DD8FAD96-27FB-4910-ABD1-56B6820F28F6}.Debug|Any CPU.ActiveCfg = Debug|Any CPU
		{DD8FAD96-27FB-4910-ABD1-56B6820F28F6}.Debug|Any CPU.Build.0 = Debug|Any CPU
		{DD8FAD96-27FB-4910-ABD1-56B6820F28F6}.Release|Any CPU.ActiveCfg = Release|Any CPU
		{DD8FAD96-27FB-4910-ABD1-56B6820F28F6}.Release|Any CPU.Build.0 = Release|Any CPU
		{A89F570E-A5B6-40D9-93B6-5A7731CD66E0}.Debug|Any CPU.ActiveCfg = Debug|Any CPU
		{A89F570E-A5B6-40D9-93B6-5A7731CD66E0}.Debug|Any CPU.Build.0 = Debug|Any CPU
		{A89F570E-A5B6-40D9-93B6-5A7731CD66E0}.Release|Any CPU.ActiveCfg = Release|Any CPU
		{A89F570E-A5B6-40D9-93B6-5A7731CD66E0}.Release|Any CPU.Build.0 = Release|Any CPU
		{9E9A0CA9-ADC8-4494-B641-6CBE1ACFD855}.Debug|Any CPU.ActiveCfg = Debug|Any CPU
		{9E9A0CA9-ADC8-4494-B641-6CBE1ACFD855}.Debug|Any CPU.Build.0 = Debug|Any CPU
		{9E9A0CA9-ADC8-4494-B641-6CBE1ACFD855}.Release|Any CPU.ActiveCfg = Release|Any CPU
		{9E9A0CA9-ADC8-4494-B641-6CBE1ACFD855}.Release|Any CPU.Build.0 = Release|Any CPU
		{1BDE7E26-976C-4ED5-86EE-3246D300724C}.Debug|Any CPU.ActiveCfg = Debug|Any CPU
		{1BDE7E26-976C-4ED5-86EE-3246D300724C}.Debug|Any CPU.Build.0 = Debug|Any CPU
		{1BDE7E26-976C-4ED5-86EE-3246D300724C}.Release|Any CPU.ActiveCfg = Release|Any CPU
		{1BDE7E26-976C-4ED5-86EE-3246D300724C}.Release|Any CPU.Build.0 = Release|Any CPU
		{A40815E6-5BB7-4D16-93F4-BA859BF79FCC}.Debug|Any CPU.ActiveCfg = Debug|Any CPU
		{A40815E6-5BB7-4D16-93F4-BA859BF79FCC}.Debug|Any CPU.Build.0 = Debug|Any CPU
		{A40815E6-5BB7-4D16-93F4-BA859BF79FCC}.Release|Any CPU.ActiveCfg = Release|Any CPU
		{A40815E6-5BB7-4D16-93F4-BA859BF79FCC}.Release|Any CPU.Build.0 = Release|Any CPU
		{2596B0CB-487F-45DF-AD2B-C9EE00E713D3}.Debug|Any CPU.ActiveCfg = Debug|Any CPU
		{2596B0CB-487F-45DF-AD2B-C9EE00E713D3}.Debug|Any CPU.Build.0 = Debug|Any CPU
		{2596B0CB-487F-45DF-AD2B-C9EE00E713D3}.Release|Any CPU.ActiveCfg = Release|Any CPU
		{2596B0CB-487F-45DF-AD2B-C9EE00E713D3}.Release|Any CPU.Build.0 = Release|Any CPU
		{DE81230C-D1CD-4B19-9641-ED728DAF0665}.Debug|Any CPU.ActiveCfg = Debug|Any CPU
		{DE81230C-D1CD-4B19-9641-ED728DAF0665}.Debug|Any CPU.Build.0 = Debug|Any CPU
		{DE81230C-D1CD-4B19-9641-ED728DAF0665}.Release|Any CPU.ActiveCfg = Release|Any CPU
		{DE81230C-D1CD-4B19-9641-ED728DAF0665}.Release|Any CPU.Build.0 = Release|Any CPU
		{5EBA3EA4-4630-490E-B5FA-84E5DFF3B69B}.Debug|Any CPU.ActiveCfg = Debug|Any CPU
		{5EBA3EA4-4630-490E-B5FA-84E5DFF3B69B}.Debug|Any CPU.Build.0 = Debug|Any CPU
		{5EBA3EA4-4630-490E-B5FA-84E5DFF3B69B}.Release|Any CPU.ActiveCfg = Release|Any CPU
		{5EBA3EA4-4630-490E-B5FA-84E5DFF3B69B}.Release|Any CPU.Build.0 = Release|Any CPU
		{DAE824B7-08E3-47D1-80B2-1B1116B6FD79}.Debug|Any CPU.ActiveCfg = Debug|Any CPU
		{DAE824B7-08E3-47D1-80B2-1B1116B6FD79}.Debug|Any CPU.Build.0 = Debug|Any CPU
		{DAE824B7-08E3-47D1-80B2-1B1116B6FD79}.Release|Any CPU.ActiveCfg = Release|Any CPU
		{DAE824B7-08E3-47D1-80B2-1B1116B6FD79}.Release|Any CPU.Build.0 = Release|Any CPU
	EndGlobalSection
	GlobalSection(SolutionProperties) = preSolution
		HideSolutionNode = FALSE
	EndGlobalSection
	GlobalSection(NestedProjects) = preSolution
		{D3E14263-2CA8-4B72-AB5E-7506A3C1753B} = {8420A522-3E8E-4FEE-87AF-6574B1365787}
		{68AF24F7-F7B8-4077-97DF-6434F2B31319} = {E38C3565-49E9-4BCB-A00B-203F7697558F}
		{E38C3565-49E9-4BCB-A00B-203F7697558F} = {FF046F5E-6E59-46CF-8C67-CA598BAA141C}
		{8420A522-3E8E-4FEE-87AF-6574B1365787} = {FF046F5E-6E59-46CF-8C67-CA598BAA141C}
		{4556E58E-581F-4AD0-B216-9FE70838950D} = {FF046F5E-6E59-46CF-8C67-CA598BAA141C}
		{4A8805CF-F8AA-450F-8EFC-1798B4B1ADD3} = {FF046F5E-6E59-46CF-8C67-CA598BAA141C}
		{93CB781A-F405-42F3-B001-DA0DEDCE92BE} = {4A8805CF-F8AA-450F-8EFC-1798B4B1ADD3}
		{B7F8147B-296B-43F8-8430-7178EBF5C902} = {4A8805CF-F8AA-450F-8EFC-1798B4B1ADD3}
		{7C04C583-E57D-41F2-B42D-9985A8781E5B} = {2FE06859-16E0-4CB2-91BE-D1C5C1DD77F4}
		{0B5DD4E0-2EBB-4E93-95F4-D58D2EF5DF6E} = {2FE06859-16E0-4CB2-91BE-D1C5C1DD77F4}
		{8AAEBDB4-35D6-4A21-89D4-44350CBDDC1F} = {E38C3565-49E9-4BCB-A00B-203F7697558F}
		{FCCA9295-4A8A-4A54-9D6F-241995985800} = {4A8805CF-F8AA-450F-8EFC-1798B4B1ADD3}
		{268653E6-924B-4CFE-9E79-0B9F5739BAE9} = {51851FD4-9F5B-42F3-9F0C-A9B939E03A82}
		{D772CB87-9998-4D77-9B00-DB1B0C992977} = {51851FD4-9F5B-42F3-9F0C-A9B939E03A82}
		{AE0716EF-0A82-4EAF-ADFF-B330BDAC2056} = {51851FD4-9F5B-42F3-9F0C-A9B939E03A82}
		{5B8E2249-BB71-4529-A89F-71B34C88051E} = {51851FD4-9F5B-42F3-9F0C-A9B939E03A82}
		{47B21020-F434-4460-8EE7-E318218BBCF0} = {51851FD4-9F5B-42F3-9F0C-A9B939E03A82}
		{DD8FAD96-27FB-4910-ABD1-56B6820F28F6} = {E38C3565-49E9-4BCB-A00B-203F7697558F}
		{A89F570E-A5B6-40D9-93B6-5A7731CD66E0} = {4A8805CF-F8AA-450F-8EFC-1798B4B1ADD3}
		{5EBA3EA4-4630-490E-B5FA-84E5DFF3B69B} = {6C51ECB2-DEF3-412E-A5A8-5C03A52784EC}
	EndGlobalSection
	GlobalSection(ExtensibilityGlobals) = postSolution
		SolutionGuid = {FD2249EF-69BE-4B1D-B93F-5AC4A0C22A98}
	EndGlobalSection
EndGlobal
